// !$*UTF8*$!
{
	archiveVersion = 1;
	classes = {
	};
	objectVersion = 46;
	objects = {

/* Begin PBXBuildFile section */
		8A6F604B1E602BA9002B8D27 /* AppDelegate.m in Sources */ = {isa = PBXBuildFile; fileRef = 8A6F604A1E602BA9002B8D27 /* AppDelegate.m */; };
		8A6F604E1E602BA9002B8D27 /* main.m in Sources */ = {isa = PBXBuildFile; fileRef = 8A6F604D1E602BA9002B8D27 /* main.m */; };
		8A6F60511E602BA9002B8D27 /* ViewController.m in Sources */ = {isa = PBXBuildFile; fileRef = 8A6F60501E602BA9002B8D27 /* ViewController.m */; };
		8A6F60531E602BA9002B8D27 /* Assets.xcassets in Resources */ = {isa = PBXBuildFile; fileRef = 8A6F60521E602BA9002B8D27 /* Assets.xcassets */; };
		8A6F60561E602BAA002B8D27 /* Main.storyboard in Resources */ = {isa = PBXBuildFile; fileRef = 8A6F60541E602BAA002B8D27 /* Main.storyboard */; };
		8A6F605E1E60339A002B8D27 /* kcptun_client in Resources */ = {isa = PBXBuildFile; fileRef = 8A6F605D1E60339A002B8D27 /* kcptun_client */; };
		8AA02C831E8BBD0200C41FD1 /* kcptun_client_20170329 in Resources */ = {isa = PBXBuildFile; fileRef = 8AA02C821E8BBD0200C41FD1 /* kcptun_client_20170329 */; };
/* End PBXBuildFile section */

/* Begin PBXFileReference section */
		8A6F60461E602BA9002B8D27 /* Kcptun.app */ = {isa = PBXFileReference; explicitFileType = wrapper.application; includeInIndex = 0; path = Kcptun.app; sourceTree = BUILT_PRODUCTS_DIR; };
		8A6F60491E602BA9002B8D27 /* AppDelegate.h */ = {isa = PBXFileReference; lastKnownFileType = sourcecode.c.h; path = AppDelegate.h; sourceTree = "<group>"; };
		8A6F604A1E602BA9002B8D27 /* AppDelegate.m */ = {isa = PBXFileReference; lastKnownFileType = sourcecode.c.objc; path = AppDelegate.m; sourceTree = "<group>"; };
		8A6F604D1E602BA9002B8D27 /* main.m */ = {isa = PBXFileReference; lastKnownFileType = sourcecode.c.objc; path = main.m; sourceTree = "<group>"; };
		8A6F604F1E602BA9002B8D27 /* ViewController.h */ = {isa = PBXFileReference; lastKnownFileType = sourcecode.c.h; path = ViewController.h; sourceTree = "<group>"; };
		8A6F60501E602BA9002B8D27 /* ViewController.m */ = {isa = PBXFileReference; lastKnownFileType = sourcecode.c.objc; path = ViewController.m; sourceTree = "<group>"; };
		8A6F60521E602BA9002B8D27 /* Assets.xcassets */ = {isa = PBXFileReference; lastKnownFileType = folder.assetcatalog; path = Assets.xcassets; sourceTree = "<group>"; };
		8A6F60551E602BAA002B8D27 /* Base */ = {isa = PBXFileReference; lastKnownFileType = file.storyboard; name = Base; path = Base.lproj/Main.storyboard; sourceTree = "<group>"; };
		8A6F60571E602BAA002B8D27 /* Info.plist */ = {isa = PBXFileReference; lastKnownFileType = text.plist.xml; path = Info.plist; sourceTree = "<group>"; };
		8A6F605D1E60339A002B8D27 /* kcptun_client */ = {isa = PBXFileReference; lastKnownFileType = "compiled.mach-o.executable"; path = kcptun_client; sourceTree = "<group>"; };
		8AA02C821E8BBD0200C41FD1 /* kcptun_client_20170329 */ = {isa = PBXFileReference; lastKnownFileType = "compiled.mach-o.executable"; path = kcptun_client_20170329; sourceTree = "<group>"; };
/* End PBXFileReference section */

/* Begin PBXFrameworksBuildPhase section */
		8A6F60431E602BA9002B8D27 /* Frameworks */ = {
			isa = PBXFrameworksBuildPhase;
			buildActionMask = 2147483647;
			files = (
			);
			runOnlyForDeploymentPostprocessing = 0;
		};
/* End PBXFrameworksBuildPhase section */

/* Begin PBXGroup section */
		8A6F603D1E602BA9002B8D27 = {
			isa = PBXGroup;
			children = (
				8A6F60481E602BA9002B8D27 /* Kcptun */,
				8A6F60471E602BA9002B8D27 /* Products */,
			);
			sourceTree = "<group>";
		};
		8A6F60471E602BA9002B8D27 /* Products */ = {
			isa = PBXGroup;
			children = (
				8A6F60461E602BA9002B8D27 /* Kcptun.app */,
			);
			name = Products;
			sourceTree = "<group>";
		};
		8A6F60481E602BA9002B8D27 /* Kcptun */ = {
			isa = PBXGroup;
			children = (
				8AA02C821E8BBD0200C41FD1 /* kcptun_client_20170329 */,
				8A6F605D1E60339A002B8D27 /* kcptun_client */,
				8A6F60491E602BA9002B8D27 /* AppDelegate.h */,
				8A6F604A1E602BA9002B8D27 /* AppDelegate.m */,
				8A6F604F1E602BA9002B8D27 /* ViewController.h */,
				8A6F60501E602BA9002B8D27 /* ViewController.m */,
				8A6F60521E602BA9002B8D27 /* Assets.xcassets */,
				8A6F60541E602BAA002B8D27 /* Main.storyboard */,
				8A6F60571E602BAA002B8D27 /* Info.plist */,
				8A6F604C1E602BA9002B8D27 /* Supporting Files */,
			);
			path = Kcptun;
			sourceTree = "<group>";
		};
		8A6F604C1E602BA9002B8D27 /* Supporting Files */ = {
			isa = PBXGroup;
			children = (
				8A6F604D1E602BA9002B8D27 /* main.m */,
			);
			name = "Supporting Files";
			sourceTree = "<group>";
		};
/* End PBXGroup section */

/* Begin PBXNativeTarget section */
		8A6F60451E602BA9002B8D27 /* Kcptun */ = {
			isa = PBXNativeTarget;
			buildConfigurationList = 8A6F605A1E602BAA002B8D27 /* Build configuration list for PBXNativeTarget "Kcptun" */;
			buildPhases = (
				8A6F60421E602BA9002B8D27 /* Sources */,
				8A6F60431E602BA9002B8D27 /* Frameworks */,
				8A6F60441E602BA9002B8D27 /* Resources */,
			);
			buildRules = (
			);
			dependencies = (
			);
			name = Kcptun;
			productName = Kcptun;
			productReference = 8A6F60461E602BA9002B8D27 /* Kcptun.app */;
			productType = "com.apple.product-type.application";
		};
/* End PBXNativeTarget section */

/* Begin PBXProject section */
		8A6F603E1E602BA9002B8D27 /* Project object */ = {
			isa = PBXProject;
			attributes = {
				LastUpgradeCheck = 0810;
				ORGANIZATIONNAME = NickyTsui;
				TargetAttributes = {
					8A6F60451E602BA9002B8D27 = {
						CreatedOnToolsVersion = 8.1;
						ProvisioningStyle = Automatic;
					};
				};
			};
			buildConfigurationList = 8A6F60411E602BA9002B8D27 /* Build configuration list for PBXProject "Kcptun" */;
			compatibilityVersion = "Xcode 3.2";
			developmentRegion = English;
			hasScannedForEncodings = 0;
			knownRegions = (
				en,
				Base,
			);
			mainGroup = 8A6F603D1E602BA9002B8D27;
			productRefGroup = 8A6F60471E602BA9002B8D27 /* Products */;
			projectDirPath = "";
			projectRoot = "";
			targets = (
				8A6F60451E602BA9002B8D27 /* Kcptun */,
			);
		};
/* End PBXProject section */

/* Begin PBXResourcesBuildPhase section */
		8A6F60441E602BA9002B8D27 /* Resources */ = {
			isa = PBXResourcesBuildPhase;
			buildActionMask = 2147483647;
			files = (
				8AA02C831E8BBD0200C41FD1 /* kcptun_client_20170329 in Resources */,
				8A6F60531E602BA9002B8D27 /* Assets.xcassets in Resources */,
				8A6F605E1E60339A002B8D27 /* kcptun_client in Resources */,
				8A6F60561E602BAA002B8D27 /* Main.storyboard in Resources */,
			);
			runOnlyForDeploymentPostprocessing = 0;
		};
/* End PBXResourcesBuildPhase section */

/* Begin PBXSourcesBuildPhase section */
		8A6F60421E602BA9002B8D27 /* Sources */ = {
			isa = PBXSourcesBuildPhase;
			buildActionMask = 2147483647;
			files = (
				8A6F60511E602BA9002B8D27 /* ViewController.m in Sources */,
				8A6F604E1E602BA9002B8D27 /* main.m in Sources */,
				8A6F604B1E602BA9002B8D27 /* AppDelegate.m in Sources */,
			);
			runOnlyForDeploymentPostprocessing = 0;
		};
/* End PBXSourcesBuildPhase section */

/* Begin PBXVariantGroup section */
		8A6F60541E602BAA002B8D27 /* Main.storyboard */ = {
			isa = PBXVariantGroup;
			children = (
				8A6F60551E602BAA002B8D27 /* Base */,
			);
			name = Main.storyboard;
			sourceTree = "<group>";
		};
/* End PBXVariantGroup section */

/* Begin XCBuildConfiguration section */
		8A6F60581E602BAA002B8D27 /* Debug */ = {
			isa = XCBuildConfiguration;
			buildSettings = {
				ALWAYS_SEARCH_USER_PATHS = NO;
				CLANG_ANALYZER_NONNULL = YES;
				CLANG_CXX_LANGUAGE_STANDARD = "gnu++0x";
				CLANG_CXX_LIBRARY = "libc++";
				CLANG_ENABLE_MODULES = YES;
				CLANG_ENABLE_OBJC_ARC = YES;
				CLANG_WARN_BOOL_CONVERSION = YES;
				CLANG_WARN_CONSTANT_CONVERSION = YES;
				CLANG_WARN_DIRECT_OBJC_ISA_USAGE = YES_ERROR;
				CLANG_WARN_DOCUMENTATION_COMMENTS = YES;
				CLANG_WARN_EMPTY_BODY = YES;
				CLANG_WARN_ENUM_CONVERSION = YES;
				CLANG_WARN_INFINITE_RECURSION = YES;
				CLANG_WARN_INT_CONVERSION = YES;
				CLANG_WARN_OBJC_ROOT_CLASS = YES_ERROR;
				CLANG_WARN_SUSPICIOUS_MOVES = YES;
				CLANG_WARN_UNREACHABLE_CODE = YES;
				CLANG_WARN__DUPLICATE_METHOD_MATCH = YES;
				CODE_SIGN_IDENTITY = "-";
				COPY_PHASE_STRIP = NO;
				DEBUG_INFORMATION_FORMAT = dwarf;
				ENABLE_STRICT_OBJC_MSGSEND = YES;
				ENABLE_TESTABILITY = YES;
				GCC_C_LANGUAGE_STANDARD = gnu99;
				GCC_DYNAMIC_NO_PIC = NO;
				GCC_NO_COMMON_BLOCKS = YES;
				GCC_OPTIMIZATION_LEVEL = 0;
				GCC_PREPROCESSOR_DEFINITIONS = (
					"DEBUG=1",
					"$(inherited)",
				);
				GCC_WARN_64_TO_32_BIT_CONVERSION = YES;
				GCC_WARN_ABOUT_RETURN_TYPE = YES_ERROR;
				GCC_WARN_UNDECLARED_SELECTOR = YES;
				GCC_WARN_UNINITIALIZED_AUTOS = YES_AGGRESSIVE;
				GCC_WARN_UNUSED_FUNCTION = YES;
				GCC_WARN_UNUSED_VARIABLE = YES;
				MACOSX_DEPLOYMENT_TARGET = 10.8;
				MTL_ENABLE_DEBUG_INFO = YES;
				ONLY_ACTIVE_ARCH = YES;
				SDKROOT = macosx;
			};
			name = Debug;
		};
		8A6F60591E602BAA002B8D27 /* Release */ = {
			isa = XCBuildConfiguration;
			buildSettings = {
				ALWAYS_SEARCH_USER_PATHS = NO;
				CLANG_ANALYZER_NONNULL = YES;
				CLANG_CXX_LANGUAGE_STANDARD = "gnu++0x";
				CLANG_CXX_LIBRARY = "libc++";
				CLANG_ENABLE_MODULES = YES;
				CLANG_ENABLE_OBJC_ARC = YES;
				CLANG_WARN_BOOL_CONVERSION = YES;
				CLANG_WARN_CONSTANT_CONVERSION = YES;
				CLANG_WARN_DIRECT_OBJC_ISA_USAGE = YES_ERROR;
				CLANG_WARN_DOCUMENTATION_COMMENTS = YES;
				CLANG_WARN_EMPTY_BODY = YES;
				CLANG_WARN_ENUM_CONVERSION = YES;
				CLANG_WARN_INFINITE_RECURSION = YES;
				CLANG_WARN_INT_CONVERSION = YES;
				CLANG_WARN_OBJC_ROOT_CLASS = YES_ERROR;
				CLANG_WARN_SUSPICIOUS_MOVES = YES;
				CLANG_WARN_UNREACHABLE_CODE = YES;
				CLANG_WARN__DUPLICATE_METHOD_MATCH = YES;
				CODE_SIGN_IDENTITY = "-";
				COPY_PHASE_STRIP = NO;
				DEBUG_INFORMATION_FORMAT = "dwarf-with-dsym";
				ENABLE_NS_ASSERTIONS = NO;
				ENABLE_STRICT_OBJC_MSGSEND = YES;
				GCC_C_LANGUAGE_STANDARD = gnu99;
				GCC_NO_COMMON_BLOCKS = YES;
				GCC_WARN_64_TO_32_BIT_CONVERSION = YES;
				GCC_WARN_ABOUT_RETURN_TYPE = YES_ERROR;
				GCC_WARN_UNDECLARED_SELECTOR = YES;
				GCC_WARN_UNINITIALIZED_AUTOS = YES_AGGRESSIVE;
				GCC_WARN_UNUSED_FUNCTION = YES;
				GCC_WARN_UNUSED_VARIABLE = YES;
				MACOSX_DEPLOYMENT_TARGET = 10.8;
				MTL_ENABLE_DEBUG_INFO = NO;
				SDKROOT = macosx;
			};
			name = Release;
		};
		8A6F605B1E602BAA002B8D27 /* Debug */ = {
			isa = XCBuildConfiguration;
			buildSettings = {
				ASSETCATALOG_COMPILER_APPICON_NAME = AppIcon;
				COMBINE_HIDPI_IMAGES = YES;
				INFOPLIST_FILE = Kcptun/Info.plist;
				LD_RUNPATH_SEARCH_PATHS = "$(inherited) @executable_path/../Frameworks";
				MACOSX_DEPLOYMENT_TARGET = 10.8;
				PRODUCT_BUNDLE_IDENTIFIER = pw.nickytsui.Kcptun;
				PRODUCT_NAME = "$(TARGET_NAME)";
			};
			name = Debug;
		};
		8A6F605C1E602BAA002B8D27 /* Release */ = {
			isa = XCBuildConfiguration;
			buildSettings = {
				ASSETCATALOG_COMPILER_APPICON_NAME = AppIcon;
				COMBINE_HIDPI_IMAGES = YES;
				INFOPLIST_FILE = Kcptun/Info.plist;
				LD_RUNPATH_SEARCH_PATHS = "$(inherited) @executable_path/../Frameworks";
				MACOSX_DEPLOYMENT_TARGET = 10.8;
				PRODUCT_BUNDLE_IDENTIFIER = pw.nickytsui.Kcptun;
				PRODUCT_NAME = "$(TARGET_NAME)";
			};
			name = Release;
		};
/* End XCBuildConfiguration section */

/* Begin XCConfigurationList section */
		8A6F60411E602BA9002B8D27 /* Build configuration list for PBXProject "Kcptun" */ = {
			isa = XCConfigurationList;
			buildConfigurations = (
				8A6F60581E602BAA002B8D27 /* Debug */,
				8A6F60591E602BAA002B8D27 /* Release */,
			);
			defaultConfigurationIsVisible = 0;
			defaultConfigurationName = Release;
		};
		8A6F605A1E602BAA002B8D27 /* Build configuration list for PBXNativeTarget "Kcptun" */ = {
			isa = XCConfigurationList;
			buildConfigurations = (
				8A6F605B1E602BAA002B8D27 /* Debug */,
				8A6F605C1E602BAA002B8D27 /* Release */,
			);
			defaultConfigurationIsVisible = 0;
			defaultConfigurationName = Release;
		};
/* End XCConfigurationList section */
	};
	rootObject = 8A6F603E1E602BA9002B8D27 /* Project object */;
}
